
Microsoft Visual Studio Solution File, Format Version 12.00
# Visual Studio Version 17
VisualStudioVersion = 17.2.32630.192
MinimumVisualStudioVersion = 10.0.40219.1
Project("{FAE04EC0-301F-11D3-BF4B-00C04F79EFBC}") = "Samousse", "Samousse\Samousse.csproj", "{C15F2E90-ADCB-4586-A1E7-3CD3A590EB0F}"
EndProject
Global
	GlobalSection(SolutionConfigurationPlatforms) = preSolution
		Debug|Any CPU = Debug|Any CPU
		Release|Any CPU = Release|Any CPU
	EndGlobalSection
	GlobalSection(ProjectConfigurationPlatforms) = postSolution
		{C15F2E90-ADCB-4586-A1E7-3CD3A590EB0F}.Debug|Any CPU.ActiveCfg = Debug|Any CPU
		{C15F2E90-ADCB-4586-A1E7-3CD3A590EB0F}.Debug|Any CPU.Build.0 = Debug|Any CPU
		{C15F2E90-ADCB-4586-A1E7-3CD3A590EB0F}.Release|Any CPU.ActiveCfg = Release|Any CPU
		{C15F2E90-ADCB-4586-A1E7-3CD3A590EB0F}.Release|Any CPU.Build.0 = Release|Any CPU
	EndGlobalSection
	GlobalSection(SolutionProperties) = preSolution
		HideSolutionNode = FALSE
	EndGlobalSection
	GlobalSection(ExtensibilityGlobals) = postSolution
		SolutionGuid = {D00809E7-98C2-438C-B4E7-ACAD3FBA17EF}
	EndGlobalSection
EndGlobal
